
Microsoft Visual Studio Solution File, Format Version 12.00
# Visual Studio Version 16
VisualStudioVersion = 16.0.31702.278
MinimumVisualStudioVersion = 10.0.40219.1
Project("{FAE04EC0-301F-11D3-BF4B-00C04F79EFBC}") = "CardAbstractFactory", "CardAbstractFactory.csproj", "{20AB6926-2DE2-4A9C-85A0-45941F18A13A}"
EndProject
Global
	GlobalSection(SolutionConfigurationPlatforms) = preSolution
		Debug|Any CPU = Debug|Any CPU
		Release|Any CPU = Release|Any CPU
	EndGlobalSection
	GlobalSection(ProjectConfigurationPlatforms) = postSolution
		{20AB6926-2DE2-4A9C-85A0-45941F18A13A}.Debug|Any CPU.ActiveCfg = Debug|Any CPU
		{20AB6926-2DE2-4A9C-85A0-45941F18A13A}.Debug|Any CPU.Build.0 = Debug|Any CPU
		{20AB6926-2DE2-4A9C-85A0-45941F18A13A}.Release|Any CPU.ActiveCfg = Release|Any CPU
		{20AB6926-2DE2-4A9C-85A0-45941F18A13A}.Release|Any CPU.Build.0 = Release|Any CPU
	EndGlobalSection
	GlobalSection(SolutionProperties) = preSolution
		HideSolutionNode = FALSE
	EndGlobalSection
	GlobalSection(ExtensibilityGlobals) = postSolution
		SolutionGuid = {D49F0AE1-EB83-4727-9388-89639142508D}
	EndGlobalSection
EndGlobal
